
Microsoft Visual Studio Solution File, Format Version 12.00
# Visual Studio Version 17
VisualStudioVersion = 17.5.33502.453
MinimumVisualStudioVersion = 10.0.40219.1
Project("{FAE04EC0-301F-11D3-BF4B-00C04F79EFBC}") = "JosueBryanHernandezZelaya17032023", "JosueBryanHernandezZelaya17032023.csproj", "{546F1008-BDCE-482F-A105-0CAC15769035}"
EndProject
Global
	GlobalSection(SolutionConfigurationPlatforms) = preSolution
		Debug|Any CPU = Debug|Any CPU
		Release|Any CPU = Release|Any CPU
	EndGlobalSection
	GlobalSection(ProjectConfigurationPlatforms) = postSolution
		{546F1008-BDCE-482F-A105-0CAC15769035}.Debug|Any CPU.ActiveCfg = Debug|Any CPU
		{546F1008-BDCE-482F-A105-0CAC15769035}.Debug|Any CPU.Build.0 = Debug|Any CPU
		{546F1008-BDCE-482F-A105-0CAC15769035}.Release|Any CPU.ActiveCfg = Release|Any CPU
		{546F1008-BDCE-482F-A105-0CAC15769035}.Release|Any CPU.Build.0 = Release|Any CPU
	EndGlobalSection
	GlobalSection(SolutionProperties) = preSolution
		HideSolutionNode = FALSE
	EndGlobalSection
	GlobalSection(ExtensibilityGlobals) = postSolution
		SolutionGuid = {A57FC46E-6A63-446C-90E5-142737B6956D}
	EndGlobalSection
EndGlobal
